
Microsoft Visual Studio Solution File, Format Version 12.00
# Visual Studio Version 18
VisualStudioVersion = 18.5.11709.299 stable
MinimumVisualStudioVersion = 10.0.40219.1
Project("{FAE04EC0-301F-11D3-BF4B-00C04F79EFBC}") = "AuxiliumSoftware.AuxiliumServices.BackgroundTaskRunner", "AuxiliumSoftware.AuxiliumServices.BackgroundTaskRunner\AuxiliumSoftware.AuxiliumServices.BackgroundTaskRunner.csproj", "{A651CC14-C69C-4A63-D5C6-ACCB2301E430}"
EndProject
Global
	GlobalSection(SolutionConfigurationPlatforms) = preSolution
		Debug|Any CPU = Debug|Any CPU
		Release|Any CPU = Release|Any CPU
	EndGlobalSection
	GlobalSection(ProjectConfigurationPlatforms) = postSolution
		{A651CC14-C69C-4A63-D5C6-ACCB2301E430}.Debug|Any CPU.ActiveCfg = Debug|Any CPU
		{A651CC14-C69C-4A63-D5C6-ACCB2301E430}.Debug|Any CPU.Build.0 = Debug|Any CPU
		{A651CC14-C69C-4A63-D5C6-ACCB2301E430}.Release|Any CPU.ActiveCfg = Release|Any CPU
		{A651CC14-C69C-4A63-D5C6-ACCB2301E430}.Release|Any CPU.Build.0 = Release|Any CPU
	EndGlobalSection
	GlobalSection(SolutionProperties) = preSolution
		HideSolutionNode = FALSE
	EndGlobalSection
	GlobalSection(ExtensibilityGlobals) = postSolution
		SolutionGuid = {B8BB9A57-694A-4060-9D2D-DC05C981C18D}
	EndGlobalSection
EndGlobal
